<?xml version="1.0" encoding="utf-8"?>
<Project ToolsVersion="4.0" xmlns="http://schemas.microsoft.com/developer/msbuild/2003">
  <ItemGroup>
    <Filter Include="源文件">
      <UniqueIdentifier>{4FC737F1-C7A5-4376-A066-2A32D752A2FF}</UniqueIdentifier>
      <Extensions>cpp;c;cc;cxx;def;odl;idl;hpj;bat;asm;asmx</Extensions>
    </Filter>
    <Filter Include="头文件">
      <UniqueIdentifier>{93995380-89BD-4b04-88EB-625FBE52EBFB}</UniqueIdentifier>
      <Extensions>h;hh;hpp;hxx;hm;inl;inc;xsd</Extensions>
    </Filter>
    <Filter Include="资源文件">
      <UniqueIdentifier>{67DA6AB6-F800-4c08-8B7A-83BB121AAD01}</UniqueIdentifier>
      <Extensions>rc;ico;cur;bmp;dlg;rc2;rct;bin;rgs;gif;jpg;jpeg;jpe;resx;tiff;tif;png;wav;mfcribbon-ms</Extensions>
    </Filter>
    <Filter Include="ncnn">
      <UniqueIdentifier>{01f866c4-3d5d-4c64-bce9-8d15683debef}</UniqueIdentifier>
    </Filter>
    <Filter Include="ncnn\layer">
      <UniqueIdentifier>{bc34efb5-294e-4490-a36d-1daea6e41e12}</UniqueIdentifier>
    </Filter>
    <Filter Include="ncnn\layer\x86">
      <UniqueIdentifier>{38bc9df3-fb7b-499e-bd97-38d1d745194d}</UniqueIdentifier>
    </Filter>
  </ItemGroup>
  <ItemGroup>
    <ClCompile Include="demo.cpp">
      <Filter>源文件</Filter>
    </ClCompile>
    <ClCompile Include="ncnn_mtcnn_tld_so.cpp">
      <Filter>源文件</Filter>
    </ClCompile>
    <ClCompile Include="TLD.cpp">
      <Filter>源文件</Filter>
    </ClCompile>
    <ClCompile Include="src\layer\absval.cpp">
      <Filter>ncnn\layer</Filter>
    </ClCompile>
    <ClCompile Include="src\layer\argmax.cpp">
      <Filter>ncnn\layer</Filter>
    </ClCompile>
    <ClCompile Include="src\layer\batchnorm.cpp">
      <Filter>ncnn\layer</Filter>
    </ClCompile>
    <ClCompile Include="src\layer\bias.cpp">
      <Filter>ncnn\layer</Filter>
    </ClCompile>
    <ClCompile Include="src\layer\binaryop.cpp">
      <Filter>ncnn\layer</Filter>
    </ClCompile>
    <ClCompile Include="src\layer\bnll.cpp">
      <Filter>ncnn\layer</Filter>
    </ClCompile>
    <ClCompile Include="src\layer\clip.cpp">
      <Filter>ncnn\layer</Filter>
    </ClCompile>
    <ClCompile Include="src\layer\concat.cpp">
      <Filter>ncnn\layer</Filter>
    </ClCompile>
    <ClCompile Include="src\layer\convolution.cpp">
      <Filter>ncnn\layer</Filter>
    </ClCompile>
    <ClCompile Include="src\layer\convolutiondepthwise.cpp">
      <Filter>ncnn\layer</Filter>
    </ClCompile>
    <ClCompile Include="src\layer\crop.cpp">
      <Filter>ncnn\layer</Filter>
    </ClCompile>
    <ClCompile Include="src\layer\deconvolution.cpp">
      <Filter>ncnn\layer</Filter>
    </ClCompile>
    <ClCompile Include="src\layer\deconvolutiondepthwise.cpp">
      <Filter>ncnn\layer</Filter>
    </ClCompile>
    <ClCompile Include="src\layer\dequantize.cpp">
      <Filter>ncnn\layer</Filter>
    </ClCompile>
    <ClCompile Include="src\layer\detectionoutput.cpp">
      <Filter>ncnn\layer</Filter>
    </ClCompile>
    <ClCompile Include="src\layer\dropout.cpp">
      <Filter>ncnn\layer</Filter>
    </ClCompile>
    <ClCompile Include="src\layer\eltwise.cpp">
      <Filter>ncnn\layer</Filter>
    </ClCompile>
    <ClCompile Include="src\layer\elu.cpp">
      <Filter>ncnn\layer</Filter>
    </ClCompile>
    <ClCompile Include="src\layer\embed.cpp">
      <Filter>ncnn\layer</Filter>
    </ClCompile>
    <ClCompile Include="src\layer\exp.cpp">
      <Filter>ncnn\layer</Filter>
    </ClCompile>
    <ClCompile Include="src\layer\expanddims.cpp">
      <Filter>ncnn\layer</Filter>
    </ClCompile>
    <ClCompile Include="src\layer\flatten.cpp">
      <Filter>ncnn\layer</Filter>
    </ClCompile>
    <ClCompile Include="src\layer\innerproduct.cpp">
      <Filter>ncnn\layer</Filter>
    </ClCompile>
    <ClCompile Include="src\layer\input.cpp">
      <Filter>ncnn\layer</Filter>
    </ClCompile>
    <ClCompile Include="src\layer\instancenorm.cpp">
      <Filter>ncnn\layer</Filter>
    </ClCompile>
    <ClCompile Include="src\layer\interp.cpp">
      <Filter>ncnn\layer</Filter>
    </ClCompile>
    <ClCompile Include="src\layer\log.cpp">
      <Filter>ncnn\layer</Filter>
    </ClCompile>
    <ClCompile Include="src\layer\lrn.cpp">
      <Filter>ncnn\layer</Filter>
    </ClCompile>
    <ClCompile Include="src\layer\lstm.cpp">
      <Filter>ncnn\layer</Filter>
    </ClCompile>
    <ClCompile Include="src\layer\memorydata.cpp">
      <Filter>ncnn\layer</Filter>
    </ClCompile>
    <ClCompile Include="src\layer\mvn.cpp">
      <Filter>ncnn\layer</Filter>
    </ClCompile>
    <ClCompile Include="src\layer\normalize.cpp">
      <Filter>ncnn\layer</Filter>
    </ClCompile>
    <ClCompile Include="src\layer\padding.cpp">
      <Filter>ncnn\layer</Filter>
    </ClCompile>
    <ClCompile Include="src\layer\permute.cpp">
      <Filter>ncnn\layer</Filter>
    </ClCompile>
    <ClCompile Include="src\layer\pooling.cpp">
      <Filter>ncnn\layer</Filter>
    </ClCompile>
    <ClCompile Include="src\layer\power.cpp">
      <Filter>ncnn\layer</Filter>
    </ClCompile>
    <ClCompile Include="src\layer\prelu.cpp">
      <Filter>ncnn\layer</Filter>
    </ClCompile>
    <ClCompile Include="src\layer\priorbox.cpp">
      <Filter>ncnn\layer</Filter>
    </ClCompile>
    <ClCompile Include="src\layer\proposal.cpp">
      <Filter>ncnn\layer</Filter>
    </ClCompile>
    <ClCompile Include="src\layer\psroipooling.cpp">
      <Filter>ncnn\layer</Filter>
    </ClCompile>
    <ClCompile Include="src\layer\quantize.cpp">
      <Filter>ncnn\layer</Filter>
    </ClCompile>
    <ClCompile Include="src\layer\reduction.cpp">
      <Filter>ncnn\layer</Filter>
    </ClCompile>
    <ClCompile Include="src\layer\relu.cpp">
      <Filter>ncnn\layer</Filter>
    </ClCompile>
    <ClCompile Include="src\layer\reorg.cpp">
      <Filter>ncnn\layer</Filter>
    </ClCompile>
    <ClCompile Include="src\layer\reshape.cpp">
      <Filter>ncnn\layer</Filter>
    </ClCompile>
    <ClCompile Include="src\layer\rnn.cpp">
      <Filter>ncnn\layer</Filter>
    </ClCompile>
    <ClCompile Include="src\layer\roialign.cpp">
      <Filter>ncnn\layer</Filter>
    </ClCompile>
    <ClCompile Include="src\layer\roipooling.cpp">
      <Filter>ncnn\layer</Filter>
    </ClCompile>
    <ClCompile Include="src\layer\scale.cpp">
      <Filter>ncnn\layer</Filter>
    </ClCompile>
    <ClCompile Include="src\layer\shufflechannel.cpp">
      <Filter>ncnn\layer</Filter>
    </ClCompile>
    <ClCompile Include="src\layer\sigmoid.cpp">
      <Filter>ncnn\layer</Filter>
    </ClCompile>
    <ClCompile Include="src\layer\slice.cpp">
      <Filter>ncnn\layer</Filter>
    </ClCompile>
    <ClCompile Include="src\layer\softmax.cpp">
      <Filter>ncnn\layer</Filter>
    </ClCompile>
    <ClCompile Include="src\layer\split.cpp">
      <Filter>ncnn\layer</Filter>
    </ClCompile>
    <ClCompile Include="src\layer\spp.cpp">
      <Filter>ncnn\layer</Filter>
    </ClCompile>
    <ClCompile Include="src\layer\squeeze.cpp">
      <Filter>ncnn\layer</Filter>
    </ClCompile>
    <ClCompile Include="src\layer\tanh.cpp">
      <Filter>ncnn\layer</Filter>
    </ClCompile>
    <ClCompile Include="src\layer\threshold.cpp">
      <Filter>ncnn\layer</Filter>
    </ClCompile>
    <ClCompile Include="src\layer\tile.cpp">
      <Filter>ncnn\layer</Filter>
    </ClCompile>
    <ClCompile Include="src\layer\unaryop.cpp">
      <Filter>ncnn\layer</Filter>
    </ClCompile>
    <ClCompile Include="src\layer\yolodetectionoutput.cpp">
      <Filter>ncnn\layer</Filter>
    </ClCompile>
    <ClCompile Include="src\layer\yolov3detectionoutput.cpp">
      <Filter>ncnn\layer</Filter>
    </ClCompile>
    <ClCompile Include="src\layer\x86\convolution_x86.cpp">
      <Filter>ncnn\layer\x86</Filter>
    </ClCompile>
    <ClCompile Include="src\layer\x86\convolutiondepthwise_x86.cpp">
      <Filter>ncnn\layer\x86</Filter>
    </ClCompile>
    <ClCompile Include="src\allocator.cpp">
      <Filter>ncnn</Filter>
    </ClCompile>
    <ClCompile Include="src\benchmark.cpp">
      <Filter>ncnn</Filter>
    </ClCompile>
    <ClCompile Include="src\blob.cpp">
      <Filter>ncnn</Filter>
    </ClCompile>
    <ClCompile Include="src\cpu.cpp">
      <Filter>ncnn</Filter>
    </ClCompile>
    <ClCompile Include="src\layer.cpp">
      <Filter>ncnn</Filter>
    </ClCompile>
    <ClCompile Include="src\mat.cpp">
      <Filter>ncnn</Filter>
    </ClCompile>
    <ClCompile Include="src\mat_pixel.cpp">
      <Filter>ncnn</Filter>
    </ClCompile>
    <ClCompile Include="src\mat_pixel_resize.cpp">
      <Filter>ncnn</Filter>
    </ClCompile>
    <ClCompile Include="src\modelbin.cpp">
      <Filter>ncnn</Filter>
    </ClCompile>
    <ClCompile Include="src\net.cpp">
      <Filter>ncnn</Filter>
    </ClCompile>
    <ClCompile Include="src\opencv.cpp">
      <Filter>ncnn</Filter>
    </ClCompile>
    <ClCompile Include="src\paramdict.cpp">
      <Filter>ncnn</Filter>
    </ClCompile>
  </ItemGroup>
  <ItemGroup>
    <ClInclude Include="ncnn_mtcnn_tld_so.hpp">
      <Filter>头文件</Filter>
    </ClInclude>
    <ClInclude Include="mtcnn.h">
      <Filter>头文件</Filter>
    </ClInclude>
    <ClInclude Include="TLD.h">
      <Filter>头文件</Filter>
    </ClInclude>
    <ClInclude Include="src\layer\absval.h">
      <Filter>ncnn\layer</Filter>
    </ClInclude>
    <ClInclude Include="src\layer\argmax.h">
      <Filter>ncnn\layer</Filter>
    </ClInclude>
    <ClInclude Include="src\layer\batchnorm.h">
      <Filter>ncnn\layer</Filter>
    </ClInclude>
    <ClInclude Include="src\layer\bias.h">
      <Filter>ncnn\layer</Filter>
    </ClInclude>
    <ClInclude Include="src\layer\binaryop.h">
      <Filter>ncnn\layer</Filter>
    </ClInclude>
    <ClInclude Include="src\layer\bnll.h">
      <Filter>ncnn\layer</Filter>
    </ClInclude>
    <ClInclude Include="src\layer\clip.h">
      <Filter>ncnn\layer</Filter>
    </ClInclude>
    <ClInclude Include="src\layer\concat.h">
      <Filter>ncnn\layer</Filter>
    </ClInclude>
    <ClInclude Include="src\layer\convolution.h">
      <Filter>ncnn\layer</Filter>
    </ClInclude>
    <ClInclude Include="src\layer\convolutiondepthwise.h">
      <Filter>ncnn\layer</Filter>
    </ClInclude>
    <ClInclude Include="src\layer\crop.h">
      <Filter>ncnn\layer</Filter>
    </ClInclude>
    <ClInclude Include="src\layer\deconvolution.h">
      <Filter>ncnn\layer</Filter>
    </ClInclude>
    <ClInclude Include="src\layer\deconvolutiondepthwise.h">
      <Filter>ncnn\layer</Filter>
    </ClInclude>
    <ClInclude Include="src\layer\dequantize.h">
      <Filter>ncnn\layer</Filter>
    </ClInclude>
    <ClInclude Include="src\layer\detectionoutput.h">
      <Filter>ncnn\layer</Filter>
    </ClInclude>
    <ClInclude Include="src\layer\dropout.h">
      <Filter>ncnn\layer</Filter>
    </ClInclude>
    <ClInclude Include="src\layer\eltwise.h">
      <Filter>ncnn\layer</Filter>
    </ClInclude>
    <ClInclude Include="src\layer\elu.h">
      <Filter>ncnn\layer</Filter>
    </ClInclude>
    <ClInclude Include="src\layer\embed.h">
      <Filter>ncnn\layer</Filter>
    </ClInclude>
    <ClInclude Include="src\layer\exp.h">
      <Filter>ncnn\layer</Filter>
    </ClInclude>
    <ClInclude Include="src\layer\expanddims.h">
      <Filter>ncnn\layer</Filter>
    </ClInclude>
    <ClInclude Include="src\layer\flatten.h">
      <Filter>ncnn\layer</Filter>
    </ClInclude>
    <ClInclude Include="src\layer\innerproduct.h">
      <Filter>ncnn\layer</Filter>
    </ClInclude>
    <ClInclude Include="src\layer\input.h">
      <Filter>ncnn\layer</Filter>
    </ClInclude>
    <ClInclude Include="src\layer\instancenorm.h">
      <Filter>ncnn\layer</Filter>
    </ClInclude>
    <ClInclude Include="src\layer\interp.h">
      <Filter>ncnn\layer</Filter>
    </ClInclude>
    <ClInclude Include="src\layer\log.h">
      <Filter>ncnn\layer</Filter>
    </ClInclude>
    <ClInclude Include="src\layer\lrn.h">
      <Filter>ncnn\layer</Filter>
    </ClInclude>
    <ClInclude Include="src\layer\lstm.h">
      <Filter>ncnn\layer</Filter>
    </ClInclude>
    <ClInclude Include="src\layer\memorydata.h">
      <Filter>ncnn\layer</Filter>
    </ClInclude>
    <ClInclude Include="src\layer\mvn.h">
      <Filter>ncnn\layer</Filter>
    </ClInclude>
    <ClInclude Include="src\layer\normalize.h">
      <Filter>ncnn\layer</Filter>
    </ClInclude>
    <ClInclude Include="src\layer\padding.h">
      <Filter>ncnn\layer</Filter>
    </ClInclude>
    <ClInclude Include="src\layer\permute.h">
      <Filter>ncnn\layer</Filter>
    </ClInclude>
    <ClInclude Include="src\layer\pooling.h">
      <Filter>ncnn\layer</Filter>
    </ClInclude>
    <ClInclude Include="src\layer\power.h">
      <Filter>ncnn\layer</Filter>
    </ClInclude>
    <ClInclude Include="src\layer\prelu.h">
      <Filter>ncnn\layer</Filter>
    </ClInclude>
    <ClInclude Include="src\layer\priorbox.h">
      <Filter>ncnn\layer</Filter>
    </ClInclude>
    <ClInclude Include="src\layer\proposal.h">
      <Filter>ncnn\layer</Filter>
    </ClInclude>
    <ClInclude Include="src\layer\psroipooling.h">
      <Filter>ncnn\layer</Filter>
    </ClInclude>
    <ClInclude Include="src\layer\quantize.h">
      <Filter>ncnn\layer</Filter>
    </ClInclude>
    <ClInclude Include="src\layer\reduction.h">
      <Filter>ncnn\layer</Filter>
    </ClInclude>
    <ClInclude Include="src\layer\relu.h">
      <Filter>ncnn\layer</Filter>
    </ClInclude>
    <ClInclude Include="src\layer\reorg.h">
      <Filter>ncnn\layer</Filter>
    </ClInclude>
    <ClInclude Include="src\layer\reshape.h">
      <Filter>ncnn\layer</Filter>
    </ClInclude>
    <ClInclude Include="src\layer\rnn.h">
      <Filter>ncnn\layer</Filter>
    </ClInclude>
    <ClInclude Include="src\layer\roialign.h">
      <Filter>ncnn\layer</Filter>
    </ClInclude>
    <ClInclude Include="src\layer\roipooling.h">
      <Filter>ncnn\layer</Filter>
    </ClInclude>
    <ClInclude Include="src\layer\scale.h">
      <Filter>ncnn\layer</Filter>
    </ClInclude>
    <ClInclude Include="src\layer\shufflechannel.h">
      <Filter>ncnn\layer</Filter>
    </ClInclude>
    <ClInclude Include="src\layer\sigmoid.h">
      <Filter>ncnn\layer</Filter>
    </ClInclude>
    <ClInclude Include="src\layer\slice.h">
      <Filter>ncnn\layer</Filter>
    </ClInclude>
    <ClInclude Include="src\layer\softmax.h">
      <Filter>ncnn\layer</Filter>
    </ClInclude>
    <ClInclude Include="src\layer\split.h">
      <Filter>ncnn\layer</Filter>
    </ClInclude>
    <ClInclude Include="src\layer\spp.h">
      <Filter>ncnn\layer</Filter>
    </ClInclude>
    <ClInclude Include="src\layer\squeeze.h">
      <Filter>ncnn\layer</Filter>
    </ClInclude>
    <ClInclude Include="src\layer\tanh.h">
      <Filter>ncnn\layer</Filter>
    </ClInclude>
    <ClInclude Include="src\layer\threshold.h">
      <Filter>ncnn\layer</Filter>
    </ClInclude>
    <ClInclude Include="src\layer\tile.h">
      <Filter>ncnn\layer</Filter>
    </ClInclude>
    <ClInclude Include="src\layer\unaryop.h">
      <Filter>ncnn\layer</Filter>
    </ClInclude>
    <ClInclude Include="src\layer\yolodetectionoutput.h">
      <Filter>ncnn\layer</Filter>
    </ClInclude>
    <ClInclude Include="src\layer\yolov3detectionoutput.h">
      <Filter>ncnn\layer</Filter>
    </ClInclude>
    <ClInclude Include="src\layer\x86\avx_mathfun.h">
      <Filter>ncnn\layer\x86</Filter>
    </ClInclude>
    <ClInclude Include="src\layer\x86\convolution_1x1.h">
      <Filter>ncnn\layer\x86</Filter>
    </ClInclude>
    <ClInclude Include="src\layer\x86\convolution_1x1_int8.h">
      <Filter>ncnn\layer\x86</Filter>
    </ClInclude>
    <ClInclude Include="src\layer\x86\convolution_3x3.h">
      <Filter>ncnn\layer\x86</Filter>
    </ClInclude>
    <ClInclude Include="src\layer\x86\convolution_3x3_int8.h">
      <Filter>ncnn\layer\x86</Filter>
    </ClInclude>
    <ClInclude Include="src\layer\x86\convolution_5x5.h">
      <Filter>ncnn\layer\x86</Filter>
    </ClInclude>
    <ClInclude Include="src\layer\x86\convolution_x86.h">
      <Filter>ncnn\layer\x86</Filter>
    </ClInclude>
    <ClInclude Include="src\layer\x86\convolutiondepthwise_3x3.h">
      <Filter>ncnn\layer\x86</Filter>
    </ClInclude>
    <ClInclude Include="src\layer\x86\convolutiondepthwise_3x3_int8.h">
      <Filter>ncnn\layer\x86</Filter>
    </ClInclude>
    <ClInclude Include="src\layer\x86\convolutiondepthwise_x86.h">
      <Filter>ncnn\layer\x86</Filter>
    </ClInclude>
    <ClInclude Include="src\layer\x86\sse_mathfun.h">
      <Filter>ncnn\layer\x86</Filter>
    </ClInclude>
    <ClInclude Include="src\allocator.h">
      <Filter>ncnn</Filter>
    </ClInclude>
    <ClInclude Include="src\benchmark.h">
      <Filter>ncnn</Filter>
    </ClInclude>
    <ClInclude Include="src\blob.h">
      <Filter>ncnn</Filter>
    </ClInclude>
    <ClInclude Include="src\cpu.h">
      <Filter>ncnn</Filter>
    </ClInclude>
    <ClInclude Include="src\layer.h">
      <Filter>ncnn</Filter>
    </ClInclude>
    <ClInclude Include="src\layer_declaration.h">
      <Filter>ncnn</Filter>
    </ClInclude>
    <ClInclude Include="src\layer_registry.h">
      <Filter>ncnn</Filter>
    </ClInclude>
    <ClInclude Include="src\layer_type.h">
      <Filter>ncnn</Filter>
    </ClInclude>
    <ClInclude Include="src\layer_type_enum.h">
      <Filter>ncnn</Filter>
    </ClInclude>
    <ClInclude Include="src\mat.h">
      <Filter>ncnn</Filter>
    </ClInclude>
    <ClInclude Include="src\modelbin.h">
      <Filter>ncnn</Filter>
    </ClInclude>
    <ClInclude Include="src\net.h">
      <Filter>ncnn</Filter>
    </ClInclude>
    <ClInclude Include="src\opencv.h">
      <Filter>ncnn</Filter>
    </ClInclude>
    <ClInclude Include="src\paramdict.h">
      <Filter>ncnn</Filter>
    </ClInclude>
    <ClInclude Include="src\platform.h">
      <Filter>ncnn</Filter>
    </ClInclude>
  </ItemGroup>
  <ItemGroup>
    <Text Include="src\CMakeLists.txt">
      <Filter>ncnn</Filter>
    </Text>
  </ItemGroup>
  <ItemGroup>
    <None Include="src\layer_declaration.h.in">
      <Filter>ncnn</Filter>
    </None>
    <None Include="src\layer_registry.h.in">
      <Filter>ncnn</Filter>
    </None>
    <None Include="src\layer_type_enum.h.in">
      <Filter>ncnn</Filter>
    </None>
    <None Include="src\platform.h.in">
      <Filter>ncnn</Filter>
    </None>
  </ItemGroup>
</Project>